filippo.io/edwards25519 v1.1.0 h1:FNf4tywRC1HmFuKW5xopWpigGjJKiJSV0Cqo0cJWDaA=
filippo.io/edwards25519 v1.1.0/go.mod h1:BxyFTGdWcka3PhytdK4V28tE5sGfRvvvRV7EaN4VDT4=
github.com/andybalholm/brotli v1.1.0 h1:eLKJA0d02Lf0mVpIDgYnqXcUn0GqVmEFny3VuID1U3M=
github.com/andybalholm/brotli v1.1.0/go.mod h1:sms7XGricyQI9K10gOSf56VKKWS4oLer58Q+mhRPtnY=
github.com/aquasecurity/esquery v0.2.0 h1:9WWXve95TE8hbm3736WB7nS6Owl8UGDeu+0jiyE9ttA=
github.com/aquasecurity/esquery v0.2.0/go.mod h1:VU+CIFR6C+H142HHZf9RUkp4Eedpo9UrEKeCQHWf9ao=
github.com/btcsuite/btcd/btcec/v2 v2.3.2 h1:5n0X6hX0Zk+6omWcihdYvdAlGf2DfasC0GMf7DClJ3U=
github.com/btcsuite/btcd/btcec/v2 v2.3.2/go.mod h1:zYzJ8etWJQIv1Ogk7OzpWjowwOdXY1W/17j2MW85J04=
github.com/btcsuite/btcd/chaincfg/chainhash v1.1.0 h1:59Kx4K6lzOW5w6nFlA0v5+lk/6sjybR934QNHSJZPTQ=
github.com/btcsuite/btcd/chaincfg/chainhash v1.1.0/go.mod h1:7SFka0XMvUgj3hfZtydOrQY2mwhPclbT2snogU7SQQc=
github.com/davecgh/go-spew v1.1.1 h1:vj9j/u1bqnvCEfJOwUhtlOARqs3+rkHYY13jYWTU97c=
github.com/davecgh/go-spew v1.1.1/go.mod h1:J7Y8YcW2NihsgmVo/mv3lAwl/skON4iLHjSsI+c5H38=
github.com/decred/dcrd/crypto/blake256 v1.0.1 h1:7PltbUIQB7u/FfZ39+DGa/ShuMyJ5ilcvdfma9wOH6Y=
github.com/decred/dcrd/crypto/blake256 v1.0.1/go.mod h1:2OfgNZ5wDpcsFmHmCK5gZTPcCXqlm2ArzUIkw9czNJo=
github.com/decred/dcrd/dcrec/secp256k1/v4 v4.2.0 h1:8UrgZ3GkP4i/CLijOJx79Yu+etlyjdBU4sfcs2WYQMs=
github.com/decred/dcrd/dcrec/secp256k1/v4 v4.2.0/go.mod h1:v57UDF4pDQJcEfFUCRop3lJL149eHGSe9Jvczhzjo/0=
github.com/elastic/elastic-transport-go/v8 v8.4.0 h1:EKYiH8CHd33BmMna2Bos1rDNMM89+hdgcymI+KzJCGE=
github.com/elastic/elastic-transport-go/v8 v8.4.0/go.mod h1:YLHer5cj0csTzNFXoNQ8qhtGY1GTvSqPnKWKaqQE3Hk=
github.com/elastic/go-elasticsearch/v7 v7.6.0/go.mod h1:OJ4wdbtDNk5g503kvlHLyErCgQwwzmDtaFC4XyOxXA4=
github.com/elastic/go-elasticsearch/v7 v7.17.10 h1:TCQ8i4PmIJuBunvBS6bwT2ybzVFxxUhhltAs3Gyu1yo=
github.com/elastic/go-elasticsearch/v7 v7.17.10/go.mod h1:OJ4wdbtDNk5g503kvlHLyErCgQwwzmDtaFC4XyOxXA4=
github.com/elastic/go-elasticsearch/v8 v8.12.0 h1:krkiCf4peJa7bZwGegy01b5xWWaYpik78wvisTeRO1U=
github.com/elastic/go-elasticsearch/v8 v8.12.0/go.mod h1:wSzJYrrKPZQ8qPuqAqc6KMR4HrBfHnZORvyL+FMFqq0=
github.com/fasthttp/websocket v1.5.8 h1:k5DpirKkftIF/w1R8ZzjSgARJrs54Je9YJK37DL/Ah8=
github.com/fasthttp/websocket v1.5.8/go.mod h1:d08g8WaT6nnyvg9uMm8K9zMYyDjfKyj3170AtPRuVU0=
github.com/fatih/structs v1.1.0 h1:Q7juDM0QtcnhCpeyLGQKyg4TOIghuNXrkL32pHAUMxo=
github.com/fatih/structs v1.1.0/go.mod h1:9NiDSp5zOcgEDl+j00MP/WkGVPOlPRLejGD8Ga6PJ7M=
github.com/fiatjaf/eventstore v0.3.13 h1:sR1P0KsfbmdyMyjrdzSj3M75080H6f2oSQv0QiTKVGQ=
github.com/fiatjaf/eventstore v0.3.13/go.mod h1:OH3Ntce3rZFIEGJ/K6raC1JUwSXksanKBF77naZvfdg=
github.com/fiatjaf/relayer/v2 v2.1.12 h1:DlGmwSa9KEiwyNOxCwfQZRgc1+3HYhGkzCLXhUzQX7g=
github.com/fiatjaf/relayer/v2 v2.1.12/go.mod h1:5HASI/J7g/8h7KAGg1mw7scM3tJy5kggtyrdMyxmLao=
github.com/go-logr/logr v1.2.2/go.mod h1:jdQByPbusPIv2/zmleS9BjJVeZ6kBagPoEUsqbVz/1A=
github.com/go-logr/logr v1.4.1 h1:pKouT5E8xu9zeFC39JXRDukb6JFQPXM5p5I91188VAQ=
github.com/go-logr/logr v1.4.1/go.mod h1:9T104GzyrTigFIr8wt5mBrctHMim0Nb2HLGrmQ40KvY=
github.com/go-logr/stdr v1.2.2 h1:hSWxHoqTgW2S2qGc0LTAI563KZ5YKYRhT3MFKZMbjag=
github.com/go-logr/stdr v1.2.2/go.mod h1:mMo/vtBO5dYbehREoey6XUKy/eSumjCCveDpRre4VKE=
github.com/go-sql-driver/mysql v1.6.0/go.mod h1:DCzpHaOWr8IXmIStZouvnhqoel9Qv2LBy8hT2VhHyBg=
github.com/go-sql-driver/mysql v1.8.0 h1:UtktXaU2Nb64z/pLiGIxY4431SJ4/dR5cjMmlVHgnT4=
github.com/go-sql-driver/mysql v1.8.0/go.mod h1:wEBSXgmK//2ZFJyE+qWnIsVGmvmEKlqwuVSjsCm7DZg=
github.com/gobwas/httphead v0.1.0 h1:exrUm0f4YX0L7EBwZHuCF4GDp8aJfVeBrlLQrs6NqWU=
github.com/gobwas/httphead v0.1.0/go.mod h1:O/RXo79gxV8G+RqlR/otEwx4Q36zl9rqC5u12GKvMCM=
github.com/gobwas/pool v0.2.1 h1:xfeeEhW7pwmX8nuLVlqbzVc7udMDrwetjEv+TZIz1og=
github.com/gobwas/pool v0.2.1/go.mod h1:q8bcK0KcYlCgd9e7WYLm9LpyS+YeLd8JVDW6WezmKEw=
github.com/gobwas/ws v1.3.2 h1:zlnbNHxumkRvfPWgfXu8RBwyNR1x8wh9cf5PTOCqs9Q=
github.com/gobwas/ws v1.3.2/go.mod h1:hRKAFb8wOxFROYNsT1bqfWnhX+b5MFeJM9r2ZSwg/KY=
github.com/google/go-cmp v0.6.0 h1:ofyhxvXcZhMsU5ulbFiLKl/XBFqE1GSq7atu8tAmTRI=
github.com/google/go-cmp v0.6.0/go.mod h1:17dUlkBOakJ0+DkrSSNjCkIjxS6bF9zb3elmeNGIjoY=
github.com/jgroeneveld/schema v1.0.0 h1:J0E10CrOkiSEsw6dfb1IfrDJD14pf6QLVJ3tRPl/syI=
github.com/jgroeneveld/schema v1.0.0/go.mod h1:M14lv7sNMtGvo3ops1MwslaSYgDYxrSmbzWIQ0Mr5rs=
github.com/jgroeneveld/trial v2.0.0+incompatible h1:d59ctdgor+VqdZCAiUfVN8K13s0ALDioG5DWwZNtRuQ=
github.com/jgroeneveld/trial v2.0.0+incompatible/go.mod h1:I6INLW96EN8WysNBXUFI3M4RIC8ePg9ntAc/Wy+U/+M=
github.com/jmoiron/sqlx v1.3.5 h1:vFFPA71p1o5gAeqtEAwLU4dnX2napprKtHr7PYIcN3g=
github.com/jmoiron/sqlx v1.3.5/go.mod h1:nRVWtLre0KfCLJvgxzCsLVMogSvQ1zNJtpYr2Ccp0mQ=
github.com/josharian/intern v1.0.0 h1:vlS4z54oSdjm0bgjRigI+G1HpF+tI+9rE5LLzOg8HmY=
github.com/josharian/intern v1.0.0/go.mod h1:5DoeVV0s6jJacbCEi61lwdGj/aVlrQvzHFFd8Hwg//Y=
github.com/kelseyhightower/envconfig v1.4.0 h1:Im6hONhd3pLkfDFsbRgu68RDNkGF1r3dvMUtDTo2cv8=
github.com/kelseyhightower/envconfig v1.4.0/go.mod h1:cccZRl6mQpaq41TPp5QxidR+Sa3axMbJDNb//FQX6Gg=
github.com/klauspost/compress v1.17.7 h1:ehO88t2UGzQK66LMdE8tibEd1ErmzZjNEqWkjLAKQQg=
github.com/klauspost/compress v1.17.7/go.mod h1:Di0epgTjJY877eYKx5yC51cX2A2Vl2ibi7bDH9ttBbw=
github.com/lib/pq v1.2.0/go.mod h1:5WUZQaWbwv1U+lTReE5YruASi9Al49XbQIvNi/34Woo=
github.com/lib/pq v1.10.9 h1:YXG7RB+JIjhP29X+OtkiDnYaXQwpS4JEWq7dtCCRUEw=
github.com/lib/pq v1.10.9/go.mod h1:AlVN5x4E4T544tWzH6hKfbfQvm3HdbOxrmggDNAPY9o=
github.com/mailru/easyjson v0.7.7 h1:UGYAvKxe3sBsEDzO8ZeWOSlIQfWFlxbzLZe7hwFURr0=
github.com/mailru/easyjson v0.7.7/go.mod h1:xzfreul335JAWq5oZzymOObrkdz5UnU4kGfJJLY9Nlc=
github.com/mattn/go-sqlite3 v1.14.6/go.mod h1:NyWgC/yNuGj7Q9rpYnZvas74GogHl5/Z4A/KQRfk6bU=
github.com/mattn/go-sqlite3 v1.14.22 h1:2gZY6PC6kBnID23Tichd1K+Z0oS6nE/XwU+Vz/5o4kU=
github.com/mattn/go-sqlite3 v1.14.22/go.mod h1:Uh1q+B4BYcTPb+yiD3kU8Ct7aC0hY9fxUwlHK0RXw+Y=
github.com/nbd-wtf/go-nostr v0.29.3 h1:hgc5srr2LI+ApFlsAYCHXyj3lC4nlTbSjYVSce0/ZSk=
github.com/nbd-wtf/go-nostr v0.29.3/go.mod h1:tiKJY6fWYSujbTQb201Y+IQ3l4szqYVt+fsTnsm7FCk=
github.com/pmezard/go-difflib v1.0.0 h1:4DBwDE0NGyQoBHbLQYPwSUPoCMWR5BEzIk/f1lZbAQM=
github.com/pmezard/go-difflib v1.0.0/go.mod h1:iKH77koFhYxTK1pcRnkKkqfTogsbg7gZNVY4sRDYZ/4=
github.com/puzpuzpuz/xsync/v3 v3.1.0 h1:EewKT7/LNac5SLiEblJeUu8z5eERHrmRLnMQL2d7qX4=
github.com/puzpuzpuz/xsync/v3 v3.1.0/go.mod h1:VjzYrABPabuM4KyBh1Ftq6u8nhwY5tBPKP9jpmh0nnA=
github.com/rs/cors v1.10.1 h1:L0uuZVXIKlI1SShY2nhFfo44TYvDPQ1w4oFkUJNfhyo=
github.com/rs/cors v1.10.1/go.mod h1:XyqrcTp5zjWr1wsJ8PIRZssZ8b/WMcMf71DJnit4EMU=
github.com/savsgio/gotils v0.0.0-20240303185622-093b76447511 h1:KanIMPX0QdEdB4R3CiimCAbxFrhB3j7h0/OvpYGVQa8=
github.com/savsgio/gotils v0.0.0-20240303185622-093b76447511/go.mod h1:sM7Mt7uEoCeFSCBM+qBrqvEo+/9vdmj19wzp3yzUhmg=
github.com/stretchr/testify v1.8.4 h1:CcVxjf3Q8PM0mHUKJCdn+eZZtm5yQwehR5yeSVQQcUk=
github.com/stretchr/testify v1.8.4/go.mod h1:sz/lmYIOXD/1dqDmKjjqLyZ2RngseejIcXlSw2iwfAo=
github.com/tidwall/gjson v1.17.1 h1:wlYEnwqAHgzmhNUFfw7Xalt2JzQvsMx2Se4PcoFCT/U=
github.com/tidwall/gjson v1.17.1/go.mod h1:/wbyibRr2FHMks5tjHJ5F8dMZh3AcwJEMf5vlfC0lxk=
github.com/tidwall/match v1.1.1 h1:+Ho715JplO36QYgwN9PGYNhgZvoUSc9X2c80KVTi+GA=
github.com/tidwall/match v1.1.1/go.mod h1:eRSPERbgtNPcGhD8UCthc6PmLEQXEWd3PRB5JTxsfmM=
github.com/tidwall/pretty v1.2.0/go.mod h1:ITEVvHYasfjBbM0u2Pg8T2nJnzm8xPwvNhhsoaGGjNU=
github.com/tidwall/pretty v1.2.1 h1:qjsOFOWWQl+N3RsoF5/ssm1pHmJJwhjlSbZ51I6wMl4=
github.com/tidwall/pretty v1.2.1/go.mod h1:ITEVvHYasfjBbM0u2Pg8T2nJnzm8xPwvNhhsoaGGjNU=
github.com/valyala/bytebufferpool v1.0.0 h1:GqA5TC/0021Y/b9FG4Oi9Mr3q7XYx6KllzawFIhcdPw=
github.com/valyala/bytebufferpool v1.0.0/go.mod h1:6bBcMArwyJ5K/AmCkWv1jt77kVWyCJ6HpOuEn7z0Csc=
github.com/valyala/fasthttp v1.52.0 h1:wqBQpxH71XW0e2g+Og4dzQM8pk34aFYlA1Ga8db7gU0=
github.com/valyala/fasthttp v1.52.0/go.mod h1:hf5C4QnVMkNXMspnsUlfM3WitlgYflyhHYoKol/szxQ=
go.opentelemetry.io/otel v1.23.1 h1:Za4UzOqJYS+MUczKI320AtqZHZb7EqxO00jAHE0jmQY=
go.opentelemetry.io/otel v1.23.1/go.mod h1:Td0134eafDLcTS4y+zQ26GE8u3dEuRBiBCTUIRHaikA=
go.opentelemetry.io/otel/metric v1.23.1 h1:PQJmqJ9u2QaJLBOELl1cxIdPcpbwzbkjfEyelTl2rlo=
go.opentelemetry.io/otel/metric v1.23.1/go.mod h1:mpG2QPlAfnK8yNhNJAxDZruU9Y1/HubbC+KyH8FaCWI=
go.opentelemetry.io/otel/sdk v1.21.0 h1:FTt8qirL1EysG6sTQRZ5TokkU8d0ugCj8htOgThZXQ8=
go.opentelemetry.io/otel/sdk v1.21.0/go.mod h1:Nna6Yv7PWTdgJHVRD9hIYywQBRx7pbox6nwBnZIxl/E=
go.opentelemetry.io/otel/trace v1.23.1 h1:4LrmmEd8AU2rFvU1zegmvqW7+kWarxtNOPyeL6HmYY8=
go.opentelemetry.io/otel/trace v1.23.1/go.mod h1:4IpnpJFwr1mo/6HL8XIPJaE9y0+u1KcVmuW7dwFSVrI=
golang.org/x/exp v0.0.0-20240318143956-a85f2c67cd81 h1:6R2FC06FonbXQ8pK11/PDFY6N6LWlf9KlzibaCapmqc=
golang.org/x/exp v0.0.0-20240318143956-a85f2c67cd81/go.mod h1:CQ1k9gNrJ50XIzaKCRR2hssIjF07kZFEiieALBM/ARQ=
golang.org/x/net v0.22.0 h1:9sGLhx7iRIHEiX0oAJ3MRZMUCElJgy7Br1nO+AMN3Tc=
golang.org/x/net v0.22.0/go.mod h1:JKghWKKOSdJwpW2GEx0Ja7fmaKnMsbu+MWVZTokSYmg=
golang.org/x/sys v0.6.0/go.mod h1:oPkhp1MJrh7nUepCBck5+mAzfO9JrbApNNgaTdGDITg=
golang.org/x/sys v0.18.0 h1:DBdB3niSjOA/O0blCZBqDefyWNYveAYMNF1Wum0DYQ4=
golang.org/x/sys v0.18.0/go.mod h1:/VUhepiaJMQUp4+oa/7Zr1D23ma6VTLIYjOOTFZPUcA=
golang.org/x/time v0.5.0 h1:o7cqy6amK/52YcAKIPlM3a+Fpj35zvRj2TP+e1xFSfk=
golang.org/x/time v0.5.0/go.mod h1:3BpzKBy/shNhVucY/MWOyx10tF3SFh9QdLuxbVysPQM=
gopkg.in/yaml.v3 v3.0.1 h1:fxVm/GzAzEWqLHuvctI91KS9hhNmmWOoWu0XTYJS7CA=
gopkg.in/yaml.v3 v3.0.1/go.mod h1:K4uyk7z7BCEPqu6E+C64Yfv1cQ7kz7rIZviUmN+EgEM=
